
Microsoft Visual Studio Solution File, Format Version 12.00
# Visual Studio Version 17
VisualStudioVersion = 17.0.31903.59
MinimumVisualStudioVersion = 10.0.40219.1
Project("{2150E333-8FDC-42A3-9474-1A3956D46DE8}") = "src", "src", "{827E0CD3-B72D-47B6-A68D-7590B98EB39B}"
EndProject
Project("{FAE04EC0-301F-11D3-BF4B-00C04F79EFBC}") = "Fridge.Api", "src\Fridge.Api\Fridge.Api.csproj", "{A134DFBE-CE3E-4C8B-BC35-4AEA75104FAB}"
EndProject
Project("{FAE04EC0-301F-11D3-BF4B-00C04F79EFBC}") = "Fridge.Application", "src\Fridge.Application\Fridge.Application.csproj", "{7278D487-E8EF-4506-9A43-9951263CA781}"
EndProject
Project("{FAE04EC0-301F-11D3-BF4B-00C04F79EFBC}") = "Fridge.Domain", "src\Fridge.Domain\Fridge.Domain.csproj", "{E11951FF-0A34-42D3-AC4B-72ED8DD52CE2}"
EndProject
Project("{FAE04EC0-301F-11D3-BF4B-00C04F79EFBC}") = "Fridge.Infrastructure", "src\Fridge.Infrastructure\Fridge.Infrastructure.csproj", "{262EDB60-2E3F-491A-947D-313E8BBE1EB8}"
EndProject
Project("{2150E333-8FDC-42A3-9474-1A3956D46DE8}") = "tests", "tests", "{0AB3BF05-4346-4AA6-1389-037BE0695223}"
EndProject
Project("{FAE04EC0-301F-11D3-BF4B-00C04F79EFBC}") = "Fridge.Application.Tests", "tests\Fridge.Application.Tests\Fridge.Application.Tests.csproj", "{7453B2B0-0846-4994-8437-5832E379E807}"
EndProject
Project("{FAE04EC0-301F-11D3-BF4B-00C04F79EFBC}") = "Fridge.Infrastructure.Tests", "tests\Fridge.Infrastructure.Tests\Fridge.Infrastructure.Tests.csproj", "{ABFE7160-AF23-446C-8F33-E1A95CE12D34}"
EndProject
Project("{FAE04EC0-301F-11D3-BF4B-00C04F79EFBC}") = "Fridge.Tests.Common", "tests\Fridge.Tests.Common\Fridge.Tests.Common.csproj", "{704DE492-8842-4B3B-9D4F-E09642034F75}"
EndProject
Global
	GlobalSection(SolutionConfigurationPlatforms) = preSolution
		Debug|Any CPU = Debug|Any CPU
		Debug|x64 = Debug|x64
		Debug|x86 = Debug|x86
		Release|Any CPU = Release|Any CPU
		Release|x64 = Release|x64
		Release|x86 = Release|x86
	EndGlobalSection
	GlobalSection(ProjectConfigurationPlatforms) = postSolution
		{A134DFBE-CE3E-4C8B-BC35-4AEA75104FAB}.Debug|Any CPU.ActiveCfg = Debug|Any CPU
		{A134DFBE-CE3E-4C8B-BC35-4AEA75104FAB}.Debug|Any CPU.Build.0 = Debug|Any CPU
		{A134DFBE-CE3E-4C8B-BC35-4AEA75104FAB}.Debug|x64.ActiveCfg = Debug|Any CPU
		{A134DFBE-CE3E-4C8B-BC35-4AEA75104FAB}.Debug|x64.Build.0 = Debug|Any CPU
		{A134DFBE-CE3E-4C8B-BC35-4AEA75104FAB}.Debug|x86.ActiveCfg = Debug|Any CPU
		{A134DFBE-CE3E-4C8B-BC35-4AEA75104FAB}.Debug|x86.Build.0 = Debug|Any CPU
		{A134DFBE-CE3E-4C8B-BC35-4AEA75104FAB}.Release|Any CPU.ActiveCfg = Release|Any CPU
		{A134DFBE-CE3E-4C8B-BC35-4AEA75104FAB}.Release|Any CPU.Build.0 = Release|Any CPU
		{A134DFBE-CE3E-4C8B-BC35-4AEA75104FAB}.Release|x64.ActiveCfg = Release|Any CPU
		{A134DFBE-CE3E-4C8B-BC35-4AEA75104FAB}.Release|x64.Build.0 = Release|Any CPU
		{A134DFBE-CE3E-4C8B-BC35-4AEA75104FAB}.Release|x86.ActiveCfg = Release|Any CPU
		{A134DFBE-CE3E-4C8B-BC35-4AEA75104FAB}.Release|x86.Build.0 = Release|Any CPU
		{7278D487-E8EF-4506-9A43-9951263CA781}.Debug|Any CPU.ActiveCfg = Debug|Any CPU
		{7278D487-E8EF-4506-9A43-9951263CA781}.Debug|Any CPU.Build.0 = Debug|Any CPU
		{7278D487-E8EF-4506-9A43-9951263CA781}.Debug|x64.ActiveCfg = Debug|Any CPU
		{7278D487-E8EF-4506-9A43-9951263CA781}.Debug|x64.Build.0 = Debug|Any CPU
		{7278D487-E8EF-4506-9A43-9951263CA781}.Debug|x86.ActiveCfg = Debug|Any CPU
		{7278D487-E8EF-4506-9A43-9951263CA781}.Debug|x86.Build.0 = Debug|Any CPU
		{7278D487-E8EF-4506-9A43-9951263CA781}.Release|Any CPU.ActiveCfg = Release|Any CPU
		{7278D487-E8EF-4506-9A43-9951263CA781}.Release|Any CPU.Build.0 = Release|Any CPU
		{7278D487-E8EF-4506-9A43-9951263CA781}.Release|x64.ActiveCfg = Release|Any CPU
		{7278D487-E8EF-4506-9A43-9951263CA781}.Release|x64.Build.0 = Release|Any CPU
		{7278D487-E8EF-4506-9A43-9951263CA781}.Release|x86.ActiveCfg = Release|Any CPU
		{7278D487-E8EF-4506-9A43-9951263CA781}.Release|x86.Build.0 = Release|Any CPU
		{E11951FF-0A34-42D3-AC4B-72ED8DD52CE2}.Debug|Any CPU.ActiveCfg = Debug|Any CPU
		{E11951FF-0A34-42D3-AC4B-72ED8DD52CE2}.Debug|Any CPU.Build.0 = Debug|Any CPU
		{E11951FF-0A34-42D3-AC4B-72ED8DD52CE2}.Debug|x64.ActiveCfg = Debug|Any CPU
		{E11951FF-0A34-42D3-AC4B-72ED8DD52CE2}.Debug|x64.Build.0 = Debug|Any CPU
		{E11951FF-0A34-42D3-AC4B-72ED8DD52CE2}.Debug|x86.ActiveCfg = Debug|Any CPU
		{E11951FF-0A34-42D3-AC4B-72ED8DD52CE2}.Debug|x86.Build.0 = Debug|Any CPU
		{E11951FF-0A34-42D3-AC4B-72ED8DD52CE2}.Release|Any CPU.ActiveCfg = Release|Any CPU
		{E11951FF-0A34-42D3-AC4B-72ED8DD52CE2}.Release|Any CPU.Build.0 = Release|Any CPU
		{E11951FF-0A34-42D3-AC4B-72ED8DD52CE2}.Release|x64.ActiveCfg = Release|Any CPU
		{E11951FF-0A34-42D3-AC4B-72ED8DD52CE2}.Release|x64.Build.0 = Release|Any CPU
		{E11951FF-0A34-42D3-AC4B-72ED8DD52CE2}.Release|x86.ActiveCfg = Release|Any CPU
		{E11951FF-0A34-42D3-AC4B-72ED8DD52CE2}.Release|x86.Build.0 = Release|Any CPU
		{262EDB60-2E3F-491A-947D-313E8BBE1EB8}.Debug|Any CPU.ActiveCfg = Debug|Any CPU
		{262EDB60-2E3F-491A-947D-313E8BBE1EB8}.Debug|Any CPU.Build.0 = Debug|Any CPU
		{262EDB60-2E3F-491A-947D-313E8BBE1EB8}.Debug|x64.ActiveCfg = Debug|Any CPU
		{262EDB60-2E3F-491A-947D-313E8BBE1EB8}.Debug|x64.Build.0 = Debug|Any CPU
		{262EDB60-2E3F-491A-947D-313E8BBE1EB8}.Debug|x86.ActiveCfg = Debug|Any CPU
		{262EDB60-2E3F-491A-947D-313E8BBE1EB8}.Debug|x86.Build.0 = Debug|Any CPU
		{262EDB60-2E3F-491A-947D-313E8BBE1EB8}.Release|Any CPU.ActiveCfg = Release|Any CPU
		{262EDB60-2E3F-491A-947D-313E8BBE1EB8}.Release|Any CPU.Build.0 = Release|Any CPU
		{262EDB60-2E3F-491A-947D-313E8BBE1EB8}.Release|x64.ActiveCfg = Release|Any CPU
		{262EDB60-2E3F-491A-947D-313E8BBE1EB8}.Release|x64.Build.0 = Release|Any CPU
		{262EDB60-2E3F-491A-947D-313E8BBE1EB8}.Release|x86.ActiveCfg = Release|Any CPU
		{262EDB60-2E3F-491A-947D-313E8BBE1EB8}.Release|x86.Build.0 = Release|Any CPU
		{7453B2B0-0846-4994-8437-5832E379E807}.Debug|Any CPU.ActiveCfg = Debug|Any CPU
		{7453B2B0-0846-4994-8437-5832E379E807}.Debug|Any CPU.Build.0 = Debug|Any CPU
		{7453B2B0-0846-4994-8437-5832E379E807}.Debug|x64.ActiveCfg = Debug|Any CPU
		{7453B2B0-0846-4994-8437-5832E379E807}.Debug|x64.Build.0 = Debug|Any CPU
		{7453B2B0-0846-4994-8437-5832E379E807}.Debug|x86.ActiveCfg = Debug|Any CPU
		{7453B2B0-0846-4994-8437-5832E379E807}.Debug|x86.Build.0 = Debug|Any CPU
		{7453B2B0-0846-4994-8437-5832E379E807}.Release|Any CPU.ActiveCfg = Release|Any CPU
		{7453B2B0-0846-4994-8437-5832E379E807}.Release|Any CPU.Build.0 = Release|Any CPU
		{7453B2B0-0846-4994-8437-5832E379E807}.Release|x64.ActiveCfg = Release|Any CPU
		{7453B2B0-0846-4994-8437-5832E379E807}.Release|x64.Build.0 = Release|Any CPU
		{7453B2B0-0846-4994-8437-5832E379E807}.Release|x86.ActiveCfg = Release|Any CPU
		{7453B2B0-0846-4994-8437-5832E379E807}.Release|x86.Build.0 = Release|Any CPU
		{ABFE7160-AF23-446C-8F33-E1A95CE12D34}.Debug|Any CPU.ActiveCfg = Debug|Any CPU
		{ABFE7160-AF23-446C-8F33-E1A95CE12D34}.Debug|Any CPU.Build.0 = Debug|Any CPU
		{ABFE7160-AF23-446C-8F33-E1A95CE12D34}.Debug|x64.ActiveCfg = Debug|Any CPU
		{ABFE7160-AF23-446C-8F33-E1A95CE12D34}.Debug|x64.Build.0 = Debug|Any CPU
		{ABFE7160-AF23-446C-8F33-E1A95CE12D34}.Debug|x86.ActiveCfg = Debug|Any CPU
		{ABFE7160-AF23-446C-8F33-E1A95CE12D34}.Debug|x86.Build.0 = Debug|Any CPU
		{ABFE7160-AF23-446C-8F33-E1A95CE12D34}.Release|Any CPU.ActiveCfg = Release|Any CPU
		{ABFE7160-AF23-446C-8F33-E1A95CE12D34}.Release|Any CPU.Build.0 = Release|Any CPU
		{ABFE7160-AF23-446C-8F33-E1A95CE12D34}.Release|x64.ActiveCfg = Release|Any CPU
		{ABFE7160-AF23-446C-8F33-E1A95CE12D34}.Release|x64.Build.0 = Release|Any CPU
		{ABFE7160-AF23-446C-8F33-E1A95CE12D34}.Release|x86.ActiveCfg = Release|Any CPU
		{ABFE7160-AF23-446C-8F33-E1A95CE12D34}.Release|x86.Build.0 = Release|Any CPU
		{704DE492-8842-4B3B-9D4F-E09642034F75}.Debug|Any CPU.ActiveCfg = Debug|Any CPU
		{704DE492-8842-4B3B-9D4F-E09642034F75}.Debug|Any CPU.Build.0 = Debug|Any CPU
		{704DE492-8842-4B3B-9D4F-E09642034F75}.Debug|x64.ActiveCfg = Debug|Any CPU
		{704DE492-8842-4B3B-9D4F-E09642034F75}.Debug|x64.Build.0 = Debug|Any CPU
		{704DE492-8842-4B3B-9D4F-E09642034F75}.Debug|x86.ActiveCfg = Debug|Any CPU
		{704DE492-8842-4B3B-9D4F-E09642034F75}.Debug|x86.Build.0 = Debug|Any CPU
		{704DE492-8842-4B3B-9D4F-E09642034F75}.Release|Any CPU.ActiveCfg = Release|Any CPU
		{704DE492-8842-4B3B-9D4F-E09642034F75}.Release|Any CPU.Build.0 = Release|Any CPU
		{704DE492-8842-4B3B-9D4F-E09642034F75}.Release|x64.ActiveCfg = Release|Any CPU
		{704DE492-8842-4B3B-9D4F-E09642034F75}.Release|x64.Build.0 = Release|Any CPU
		{704DE492-8842-4B3B-9D4F-E09642034F75}.Release|x86.ActiveCfg = Release|Any CPU
		{704DE492-8842-4B3B-9D4F-E09642034F75}.Release|x86.Build.0 = Release|Any CPU
	EndGlobalSection
	GlobalSection(SolutionProperties) = preSolution
		HideSolutionNode = FALSE
	EndGlobalSection
	GlobalSection(NestedProjects) = preSolution
		{A134DFBE-CE3E-4C8B-BC35-4AEA75104FAB} = {827E0CD3-B72D-47B6-A68D-7590B98EB39B}
		{7278D487-E8EF-4506-9A43-9951263CA781} = {827E0CD3-B72D-47B6-A68D-7590B98EB39B}
		{E11951FF-0A34-42D3-AC4B-72ED8DD52CE2} = {827E0CD3-B72D-47B6-A68D-7590B98EB39B}
		{262EDB60-2E3F-491A-947D-313E8BBE1EB8} = {827E0CD3-B72D-47B6-A68D-7590B98EB39B}
		{7453B2B0-0846-4994-8437-5832E379E807} = {0AB3BF05-4346-4AA6-1389-037BE0695223}
		{ABFE7160-AF23-446C-8F33-E1A95CE12D34} = {0AB3BF05-4346-4AA6-1389-037BE0695223}
		{704DE492-8842-4B3B-9D4F-E09642034F75} = {0AB3BF05-4346-4AA6-1389-037BE0695223}
	EndGlobalSection
EndGlobal
